// !$*UTF8*$!
{
	archiveVersion = 1;
	classes = {
	};
	objectVersion = 55;
	objects = {

/* Begin PBXBuildFile section */
		D07CF05728B8AB04003772DE /* Match_MeApp.swift in Sources */ = {isa = PBXBuildFile; fileRef = D07CF05628B8AB04003772DE /* Match_MeApp.swift */; };
		D07CF05928B8AB04003772DE /* ContentView.swift in Sources */ = {isa = PBXBuildFile; fileRef = D07CF05828B8AB04003772DE /* ContentView.swift */; };
		D07CF05B28B8AB08003772DE /* Assets.xcassets in Resources */ = {isa = PBXBuildFile; fileRef = D07CF05A28B8AB08003772DE /* Assets.xcassets */; };
		D07CF05E28B8AB08003772DE /* Preview Assets.xcassets in Resources */ = {isa = PBXBuildFile; fileRef = D07CF05D28B8AB08003772DE /* Preview Assets.xcassets */; };
		D08E2BB128B8BC48001E798C /* Memory.swift in Sources */ = {isa = PBXBuildFile; fileRef = D08E2BB028B8BC48001E798C /* Memory.swift */; };
		D08E2BB528B8BFEF001E798C /* CardView.swift in Sources */ = {isa = PBXBuildFile; fileRef = D08E2BB428B8BFEF001E798C /* CardView.swift */; };
		D0B769B628BB00F300392962 /* GameView.swift in Sources */ = {isa = PBXBuildFile; fileRef = D0B769B528BB00F300392962 /* GameView.swift */; };
		D0B769BA28BB02F500392962 /* WelcomeView.swift in Sources */ = {isa = PBXBuildFile; fileRef = D0B769B928BB02F500392962 /* WelcomeView.swift */; };
		D0B769BC28BB030D00392962 /* GreetingView.swift in Sources */ = {isa = PBXBuildFile; fileRef = D0B769BB28BB030D00392962 /* GreetingView.swift */; };
		D0B769FD28BB2CF900392962 /* GameOver.swift in Sources */ = {isa = PBXBuildFile; fileRef = D0B769FC28BB2CF900392962 /* GameOver.swift */; };
		D0B76A0128BB400F00392962 /* TimerManager.swift in Sources */ = {isa = PBXBuildFile; fileRef = D0B76A0028BB400F00392962 /* TimerManager.swift */; };
		D0B76A0328BB4BC900392962 /* TimerView.swift in Sources */ = {isa = PBXBuildFile; fileRef = D0B76A0228BB4BC900392962 /* TimerView.swift */; };
		D0B76A0628BB653100392962 /* InfoView.swift in Sources */ = {isa = PBXBuildFile; fileRef = D0B76A0528BB653100392962 /* InfoView.swift */; };
		D0B76A0828BB770800392962 /* HighScores.swift in Sources */ = {isa = PBXBuildFile; fileRef = D0B76A0728BB770800392962 /* HighScores.swift */; };
		D0BDDA6928BCC6F300D9928F /* highscore.mp3 in Resources */ = {isa = PBXBuildFile; fileRef = D0BDDA6828BCC6F300D9928F /* highscore.mp3 */; };
		D0BDDA6B28BCC6FC00D9928F /* ring-up.mp3 in Resources */ = {isa = PBXBuildFile; fileRef = D0BDDA6A28BCC6FC00D9928F /* ring-up.mp3 */; };
		D0BDDA6D28BCC70A00D9928F /* drum-music.mp3 in Resources */ = {isa = PBXBuildFile; fileRef = D0BDDA6C28BCC70A00D9928F /* drum-music.mp3 */; };
		D0BDDA6F28BCC8DA00D9928F /* PlaySound.swift in Sources */ = {isa = PBXBuildFile; fileRef = D0BDDA6E28BCC8DA00D9928F /* PlaySound.swift */; };
/* End PBXBuildFile section */

/* Begin PBXFileReference section */
		D07CF05328B8AB04003772DE /* Match Me.app */ = {isa = PBXFileReference; explicitFileType = wrapper.application; includeInIndex = 0; path = "Match Me.app"; sourceTree = BUILT_PRODUCTS_DIR; };
		D07CF05628B8AB04003772DE /* Match_MeApp.swift */ = {isa = PBXFileReference; lastKnownFileType = sourcecode.swift; path = Match_MeApp.swift; sourceTree = "<group>"; };
		D07CF05828B8AB04003772DE /* ContentView.swift */ = {isa = PBXFileReference; lastKnownFileType = sourcecode.swift; path = ContentView.swift; sourceTree = "<group>"; };
		D07CF05A28B8AB08003772DE /* Assets.xcassets */ = {isa = PBXFileReference; lastKnownFileType = folder.assetcatalog; path = Assets.xcassets; sourceTree = "<group>"; };
		D07CF05D28B8AB08003772DE /* Preview Assets.xcassets */ = {isa = PBXFileReference; lastKnownFileType = folder.assetcatalog; path = "Preview Assets.xcassets"; sourceTree = "<group>"; };
		D08E2BB028B8BC48001E798C /* Memory.swift */ = {isa = PBXFileReference; lastKnownFileType = sourcecode.swift; path = Memory.swift; sourceTree = "<group>"; };
		D08E2BB428B8BFEF001E798C /* CardView.swift */ = {isa = PBXFileReference; lastKnownFileType = sourcecode.swift; path = CardView.swift; sourceTree = "<group>"; };
		D0B769B528BB00F300392962 /* GameView.swift */ = {isa = PBXFileReference; lastKnownFileType = sourcecode.swift; path = GameView.swift; sourceTree = "<group>"; };
		D0B769B928BB02F500392962 /* WelcomeView.swift */ = {isa = PBXFileReference; lastKnownFileType = sourcecode.swift; path = WelcomeView.swift; sourceTree = "<group>"; };
		D0B769BB28BB030D00392962 /* GreetingView.swift */ = {isa = PBXFileReference; lastKnownFileType = sourcecode.swift; path = GreetingView.swift; sourceTree = "<group>"; };
		D0B769FC28BB2CF900392962 /* GameOver.swift */ = {isa = PBXFileReference; lastKnownFileType = sourcecode.swift; path = GameOver.swift; sourceTree = "<group>"; };
		D0B76A0028BB400F00392962 /* TimerManager.swift */ = {isa = PBXFileReference; lastKnownFileType = sourcecode.swift; path = TimerManager.swift; sourceTree = "<group>"; };
		D0B76A0228BB4BC900392962 /* TimerView.swift */ = {isa = PBXFileReference; lastKnownFileType = sourcecode.swift; path = TimerView.swift; sourceTree = "<group>"; };
		D0B76A0528BB653100392962 /* InfoView.swift */ = {isa = PBXFileReference; lastKnownFileType = sourcecode.swift; path = InfoView.swift; sourceTree = "<group>"; };
		D0B76A0728BB770800392962 /* HighScores.swift */ = {isa = PBXFileReference; lastKnownFileType = sourcecode.swift; path = HighScores.swift; sourceTree = "<group>"; };
		D0BDDA6828BCC6F300D9928F /* highscore.mp3 */ = {isa = PBXFileReference; lastKnownFileType = audio.mp3; name = highscore.mp3; path = "../../../../Downloads/Resources/sound-effect/highscore.mp3"; sourceTree = "<group>"; };
		D0BDDA6A28BCC6FC00D9928F /* ring-up.mp3 */ = {isa = PBXFileReference; lastKnownFileType = audio.mp3; name = "ring-up.mp3"; path = "../../../../Downloads/Resources/sound-effect/ring-up.mp3"; sourceTree = "<group>"; };
		D0BDDA6C28BCC70A00D9928F /* drum-music.mp3 */ = {isa = PBXFileReference; lastKnownFileType = audio.mp3; name = "drum-music.mp3"; path = "../../../../Downloads/Resources/sound-effect/drum-music.mp3"; sourceTree = "<group>"; };
		D0BDDA6E28BCC8DA00D9928F /* PlaySound.swift */ = {isa = PBXFileReference; lastKnownFileType = sourcecode.swift; path = PlaySound.swift; sourceTree = "<group>"; };
/* End PBXFileReference section */

/* Begin PBXFrameworksBuildPhase section */
		D07CF05028B8AB04003772DE /* Frameworks */ = {
			isa = PBXFrameworksBuildPhase;
			buildActionMask = 2147483647;
			files = (
			);
			runOnlyForDeploymentPostprocessing = 0;
		};
/* End PBXFrameworksBuildPhase section */

/* Begin PBXGroup section */
		D07CF04A28B8AB04003772DE = {
			isa = PBXGroup;
			children = (
				D07CF05528B8AB04003772DE /* Match Me */,
				D07CF05428B8AB04003772DE /* Products */,
			);
			sourceTree = "<group>";
		};
		D07CF05428B8AB04003772DE /* Products */ = {
			isa = PBXGroup;
			children = (
				D07CF05328B8AB04003772DE /* Match Me.app */,
			);
			name = Products;
			sourceTree = "<group>";
		};
		D07CF05528B8AB04003772DE /* Match Me */ = {
			isa = PBXGroup;
			children = (
				D0BDDA7028BCEDA100D9928F /* View */,
				D0BDDA6728BCC6C600D9928F /* Sound */,
				D07CF05628B8AB04003772DE /* Match_MeApp.swift */,
				D0BDDA7128BCEDB400D9928F /* Helper */,
				D0B769C328BB0A2D00392962 /* Welcome */,
				D0B769B828BB026700392962 /* GameModel */,
				D07CF05A28B8AB08003772DE /* Assets.xcassets */,
				D07CF05C28B8AB08003772DE /* Preview Content */,
				D0B76A0428BB5FB600392962 /* Timer */,
			);
			path = "Match Me";
			sourceTree = "<group>";
		};
		D07CF05C28B8AB08003772DE /* Preview Content */ = {
			isa = PBXGroup;
			children = (
				D07CF05D28B8AB08003772DE /* Preview Assets.xcassets */,
			);
			path = "Preview Content";
			sourceTree = "<group>";
		};
		D0B769B828BB026700392962 /* GameModel */ = {
			isa = PBXGroup;
			children = (
				D0B769B528BB00F300392962 /* GameView.swift */,
				D08E2BB428B8BFEF001E798C /* CardView.swift */,
				D08E2BB028B8BC48001E798C /* Memory.swift */,
				D0B769FC28BB2CF900392962 /* GameOver.swift */,
			);
			path = GameModel;
			sourceTree = "<group>";
		};
		D0B769C328BB0A2D00392962 /* Welcome */ = {
			isa = PBXGroup;
			children = (
				D0B769BB28BB030D00392962 /* GreetingView.swift */,
				D0B769B928BB02F500392962 /* WelcomeView.swift */,
			);
			path = Welcome;
			sourceTree = "<group>";
		};
		D0B76A0428BB5FB600392962 /* Timer */ = {
			isa = PBXGroup;
			children = (
				D0B76A0028BB400F00392962 /* TimerManager.swift */,
				D0B76A0228BB4BC900392962 /* TimerView.swift */,
			);
			path = Timer;
			sourceTree = "<group>";
		};
		D0BDDA6728BCC6C600D9928F /* Sound */ = {
			isa = PBXGroup;
			children = (
				D0BDDA6C28BCC70A00D9928F /* drum-music.mp3 */,
				D0BDDA6A28BCC6FC00D9928F /* ring-up.mp3 */,
				D0BDDA6828BCC6F300D9928F /* highscore.mp3 */,
			);
			path = Sound;
			sourceTree = "<group>";
		};
		D0BDDA7028BCEDA100D9928F /* View */ = {
			isa = PBXGroup;
			children = (
				D0B76A0528BB653100392962 /* InfoView.swift */,
				D0B76A0728BB770800392962 /* HighScores.swift */,
				D07CF05828B8AB04003772DE /* ContentView.swift */,
			);
			path = View;
			sourceTree = "<group>";
		};
		D0BDDA7128BCEDB400D9928F /* Helper */ = {
			isa = PBXGroup;
			children = (
				D0BDDA6E28BCC8DA00D9928F /* PlaySound.swift */,
			);
			path = Helper;
			sourceTree = "<group>";
		};
/* End PBXGroup section */

/* Begin PBXNativeTarget section */
		D07CF05228B8AB04003772DE /* Match Me */ = {
			isa = PBXNativeTarget;
			buildConfigurationList = D07CF06128B8AB08003772DE /* Build configuration list for PBXNativeTarget "Match Me" */;
			buildPhases = (
				D07CF04F28B8AB04003772DE /* Sources */,
				D07CF05028B8AB04003772DE /* Frameworks */,
				D07CF05128B8AB04003772DE /* Resources */,
			);
			buildRules = (
			);
			dependencies = (
			);
			name = "Match Me";
			productName = "Match Me";
			productReference = D07CF05328B8AB04003772DE /* Match Me.app */;
			productType = "com.apple.product-type.application";
		};
/* End PBXNativeTarget section */

/* Begin PBXProject section */
		D07CF04B28B8AB04003772DE /* Project object */ = {
			isa = PBXProject;
			attributes = {
				BuildIndependentTargetsInParallel = 1;
				LastSwiftUpdateCheck = 1310;
				LastUpgradeCheck = 1310;
				TargetAttributes = {
					D07CF05228B8AB04003772DE = {
						CreatedOnToolsVersion = 13.1;
					};
				};
			};
			buildConfigurationList = D07CF04E28B8AB04003772DE /* Build configuration list for PBXProject "Match Me" */;
			compatibilityVersion = "Xcode 13.0";
			developmentRegion = en;
			hasScannedForEncodings = 0;
			knownRegions = (
				en,
				Base,
			);
			mainGroup = D07CF04A28B8AB04003772DE;
			productRefGroup = D07CF05428B8AB04003772DE /* Products */;
			projectDirPath = "";
			projectRoot = "";
			targets = (
				D07CF05228B8AB04003772DE /* Match Me */,
			);
		};
/* End PBXProject section */

/* Begin PBXResourcesBuildPhase section */
		D07CF05128B8AB04003772DE /* Resources */ = {
			isa = PBXResourcesBuildPhase;
			buildActionMask = 2147483647;
			files = (
				D0BDDA6928BCC6F300D9928F /* highscore.mp3 in Resources */,
				D0BDDA6D28BCC70A00D9928F /* drum-music.mp3 in Resources */,
				D07CF05E28B8AB08003772DE /* Preview Assets.xcassets in Resources */,
				D07CF05B28B8AB08003772DE /* Assets.xcassets in Resources */,
				D0BDDA6B28BCC6FC00D9928F /* ring-up.mp3 in Resources */,
			);
			runOnlyForDeploymentPostprocessing = 0;
		};
/* End PBXResourcesBuildPhase section */

/* Begin PBXSourcesBuildPhase section */
		D07CF04F28B8AB04003772DE /* Sources */ = {
			isa = PBXSourcesBuildPhase;
			buildActionMask = 2147483647;
			files = (
				D0B76A0328BB4BC900392962 /* TimerView.swift in Sources */,
				D0B76A0628BB653100392962 /* InfoView.swift in Sources */,
				D0B76A0128BB400F00392962 /* TimerManager.swift in Sources */,
				D08E2BB128B8BC48001E798C /* Memory.swift in Sources */,
				D0B769BC28BB030D00392962 /* GreetingView.swift in Sources */,
				D0B769BA28BB02F500392962 /* WelcomeView.swift in Sources */,
				D07CF05928B8AB04003772DE /* ContentView.swift in Sources */,
				D08E2BB528B8BFEF001E798C /* CardView.swift in Sources */,
				D07CF05728B8AB04003772DE /* Match_MeApp.swift in Sources */,
				D0B769B628BB00F300392962 /* GameView.swift in Sources */,
				D0B76A0828BB770800392962 /* HighScores.swift in Sources */,
				D0BDDA6F28BCC8DA00D9928F /* PlaySound.swift in Sources */,
				D0B769FD28BB2CF900392962 /* GameOver.swift in Sources */,
			);
			runOnlyForDeploymentPostprocessing = 0;
		};
/* End PBXSourcesBuildPhase section */

/* Begin XCBuildConfiguration section */
		D07CF05F28B8AB08003772DE /* Debug */ = {
			isa = XCBuildConfiguration;
			buildSettings = {
				ALWAYS_SEARCH_USER_PATHS = NO;
				CLANG_ANALYZER_NONNULL = YES;
				CLANG_ANALYZER_NUMBER_OBJECT_CONVERSION = YES_AGGRESSIVE;
				CLANG_CXX_LANGUAGE_STANDARD = "gnu++17";
				CLANG_CXX_LIBRARY = "libc++";
				CLANG_ENABLE_MODULES = YES;
				CLANG_ENABLE_OBJC_ARC = YES;
				CLANG_ENABLE_OBJC_WEAK = YES;
				CLANG_WARN_BLOCK_CAPTURE_AUTORELEASING = YES;
				CLANG_WARN_BOOL_CONVERSION = YES;
				CLANG_WARN_COMMA = YES;
				CLANG_WARN_CONSTANT_CONVERSION = YES;
				CLANG_WARN_DEPRECATED_OBJC_IMPLEMENTATIONS = YES;
				CLANG_WARN_DIRECT_OBJC_ISA_USAGE = YES_ERROR;
				CLANG_WARN_DOCUMENTATION_COMMENTS = YES;
				CLANG_WARN_EMPTY_BODY = YES;
				CLANG_WARN_ENUM_CONVERSION = YES;
				CLANG_WARN_INFINITE_RECURSION = YES;
				CLANG_WARN_INT_CONVERSION = YES;
				CLANG_WARN_NON_LITERAL_NULL_CONVERSION = YES;
				CLANG_WARN_OBJC_IMPLICIT_RETAIN_SELF = YES;
				CLANG_WARN_OBJC_LITERAL_CONVERSION = YES;
				CLANG_WARN_OBJC_ROOT_CLASS = YES_ERROR;
				CLANG_WARN_QUOTED_INCLUDE_IN_FRAMEWORK_HEADER = YES;
				CLANG_WARN_RANGE_LOOP_ANALYSIS = YES;
				CLANG_WARN_STRICT_PROTOTYPES = YES;
				CLANG_WARN_SUSPICIOUS_MOVE = YES;
				CLANG_WARN_UNGUARDED_AVAILABILITY = YES_AGGRESSIVE;
				CLANG_WARN_UNREACHABLE_CODE = YES;
				CLANG_WARN__DUPLICATE_METHOD_MATCH = YES;
				COPY_PHASE_STRIP = NO;
				DEBUG_INFORMATION_FORMAT = dwarf;
				ENABLE_STRICT_OBJC_MSGSEND = YES;
				ENABLE_TESTABILITY = YES;
				GCC_C_LANGUAGE_STANDARD = gnu11;
				GCC_DYNAMIC_NO_PIC = NO;
				GCC_NO_COMMON_BLOCKS = YES;
				GCC_OPTIMIZATION_LEVEL = 0;
				GCC_PREPROCESSOR_DEFINITIONS = (
					"DEBUG=1",
					"$(inherited)",
				);
				GCC_WARN_64_TO_32_BIT_CONVERSION = YES;
				GCC_WARN_ABOUT_RETURN_TYPE = YES_ERROR;
				GCC_WARN_UNDECLARED_SELECTOR = YES;
				GCC_WARN_UNINITIALIZED_AUTOS = YES_AGGRESSIVE;
				GCC_WARN_UNUSED_FUNCTION = YES;
				GCC_WARN_UNUSED_VARIABLE = YES;
				IPHONEOS_DEPLOYMENT_TARGET = 15.0;
				MTL_ENABLE_DEBUG_INFO = INCLUDE_SOURCE;
				MTL_FAST_MATH = YES;
				ONLY_ACTIVE_ARCH = YES;
				SDKROOT = iphoneos;
				SWIFT_ACTIVE_COMPILATION_CONDITIONS = DEBUG;
				SWIFT_OPTIMIZATION_LEVEL = "-Onone";
			};
			name = Debug;
		};
		D07CF06028B8AB08003772DE /* Release */ = {
			isa = XCBuildConfiguration;
			buildSettings = {
				ALWAYS_SEARCH_USER_PATHS = NO;
				CLANG_ANALYZER_NONNULL = YES;
				CLANG_ANALYZER_NUMBER_OBJECT_CONVERSION = YES_AGGRESSIVE;
				CLANG_CXX_LANGUAGE_STANDARD = "gnu++17";
				CLANG_CXX_LIBRARY = "libc++";
				CLANG_ENABLE_MODULES = YES;
				CLANG_ENABLE_OBJC_ARC = YES;
				CLANG_ENABLE_OBJC_WEAK = YES;
				CLANG_WARN_BLOCK_CAPTURE_AUTORELEASING = YES;
				CLANG_WARN_BOOL_CONVERSION = YES;
				CLANG_WARN_COMMA = YES;
				CLANG_WARN_CONSTANT_CONVERSION = YES;
				CLANG_WARN_DEPRECATED_OBJC_IMPLEMENTATIONS = YES;
				CLANG_WARN_DIRECT_OBJC_ISA_USAGE = YES_ERROR;
				CLANG_WARN_DOCUMENTATION_COMMENTS = YES;
				CLANG_WARN_EMPTY_BODY = YES;
				CLANG_WARN_ENUM_CONVERSION = YES;
				CLANG_WARN_INFINITE_RECURSION = YES;
				CLANG_WARN_INT_CONVERSION = YES;
				CLANG_WARN_NON_LITERAL_NULL_CONVERSION = YES;
				CLANG_WARN_OBJC_IMPLICIT_RETAIN_SELF = YES;
				CLANG_WARN_OBJC_LITERAL_CONVERSION = YES;
				CLANG_WARN_OBJC_ROOT_CLASS = YES_ERROR;
				CLANG_WARN_QUOTED_INCLUDE_IN_FRAMEWORK_HEADER = YES;
				CLANG_WARN_RANGE_LOOP_ANALYSIS = YES;
				CLANG_WARN_STRICT_PROTOTYPES = YES;
				CLANG_WARN_SUSPICIOUS_MOVE = YES;
				CLANG_WARN_UNGUARDED_AVAILABILITY = YES_AGGRESSIVE;
				CLANG_WARN_UNREACHABLE_CODE = YES;
				CLANG_WARN__DUPLICATE_METHOD_MATCH = YES;
				COPY_PHASE_STRIP = NO;
				DEBUG_INFORMATION_FORMAT = "dwarf-with-dsym";
				ENABLE_NS_ASSERTIONS = NO;
				ENABLE_STRICT_OBJC_MSGSEND = YES;
				GCC_C_LANGUAGE_STANDARD = gnu11;
				GCC_NO_COMMON_BLOCKS = YES;
				GCC_WARN_64_TO_32_BIT_CONVERSION = YES;
				GCC_WARN_ABOUT_RETURN_TYPE = YES_ERROR;
				GCC_WARN_UNDECLARED_SELECTOR = YES;
				GCC_WARN_UNINITIALIZED_AUTOS = YES_AGGRESSIVE;
				GCC_WARN_UNUSED_FUNCTION = YES;
				GCC_WARN_UNUSED_VARIABLE = YES;
				IPHONEOS_DEPLOYMENT_TARGET = 15.0;
				MTL_ENABLE_DEBUG_INFO = NO;
				MTL_FAST_MATH = YES;
				SDKROOT = iphoneos;
				SWIFT_COMPILATION_MODE = wholemodule;
				SWIFT_OPTIMIZATION_LEVEL = "-O";
				VALIDATE_PRODUCT = YES;
			};
			name = Release;
		};
		D07CF06228B8AB08003772DE /* Debug */ = {
			isa = XCBuildConfiguration;
			buildSettings = {
				ASSETCATALOG_COMPILER_APPICON_NAME = AppIcon;
				ASSETCATALOG_COMPILER_GLOBAL_ACCENT_COLOR_NAME = AccentColor;
				CODE_SIGN_STYLE = Manual;
				CURRENT_PROJECT_VERSION = 1;
				DEVELOPMENT_ASSET_PATHS = "\"Match Me/Preview Content\"";
				DEVELOPMENT_TEAM = "";
				ENABLE_PREVIEWS = YES;
				GENERATE_INFOPLIST_FILE = YES;
				INFOPLIST_KEY_UIApplicationSceneManifest_Generation = YES;
				INFOPLIST_KEY_UIApplicationSupportsIndirectInputEvents = YES;
				INFOPLIST_KEY_UILaunchScreen_Generation = YES;
				INFOPLIST_KEY_UISupportedInterfaceOrientations_iPad = "UIInterfaceOrientationPortrait UIInterfaceOrientationPortraitUpsideDown UIInterfaceOrientationLandscapeLeft UIInterfaceOrientationLandscapeRight";
				INFOPLIST_KEY_UISupportedInterfaceOrientations_iPhone = "UIInterfaceOrientationPortrait UIInterfaceOrientationLandscapeLeft UIInterfaceOrientationLandscapeRight";
				LD_RUNPATH_SEARCH_PATHS = (
					"$(inherited)",
					"@executable_path/Frameworks",
				);
				MARKETING_VERSION = 1.0;
				PRODUCT_BUNDLE_IDENTIFIER = "vn.edu.rmit.dung.Match-Me";
				PRODUCT_NAME = "$(TARGET_NAME)";
				PROVISIONING_PROFILE_SPECIFIER = "";
				SWIFT_EMIT_LOC_STRINGS = YES;
				SWIFT_VERSION = 5.0;
				TARGETED_DEVICE_FAMILY = "1,2";
			};
			name = Debug;
		};
		D07CF06328B8AB08003772DE /* Release */ = {
			isa = XCBuildConfiguration;
			buildSettings = {
				ASSETCATALOG_COMPILER_APPICON_NAME = AppIcon;
				ASSETCATALOG_COMPILER_GLOBAL_ACCENT_COLOR_NAME = AccentColor;
				CODE_SIGN_STYLE = Manual;
				CURRENT_PROJECT_VERSION = 1;
				DEVELOPMENT_ASSET_PATHS = "\"Match Me/Preview Content\"";
				DEVELOPMENT_TEAM = "";
				ENABLE_PREVIEWS = YES;
				GENERATE_INFOPLIST_FILE = YES;
				INFOPLIST_KEY_UIApplicationSceneManifest_Generation = YES;
				INFOPLIST_KEY_UIApplicationSupportsIndirectInputEvents = YES;
				INFOPLIST_KEY_UILaunchScreen_Generation = YES;
				INFOPLIST_KEY_UISupportedInterfaceOrientations_iPad = "UIInterfaceOrientationPortrait UIInterfaceOrientationPortraitUpsideDown UIInterfaceOrientationLandscapeLeft UIInterfaceOrientationLandscapeRight";
				INFOPLIST_KEY_UISupportedInterfaceOrientations_iPhone = "UIInterfaceOrientationPortrait UIInterfaceOrientationLandscapeLeft UIInterfaceOrientationLandscapeRight";
				LD_RUNPATH_SEARCH_PATHS = (
					"$(inherited)",
					"@executable_path/Frameworks",
				);
				MARKETING_VERSION = 1.0;
				PRODUCT_BUNDLE_IDENTIFIER = "vn.edu.rmit.dung.Match-Me";
				PRODUCT_NAME = "$(TARGET_NAME)";
				PROVISIONING_PROFILE_SPECIFIER = "";
				SWIFT_EMIT_LOC_STRINGS = YES;
				SWIFT_VERSION = 5.0;
				TARGETED_DEVICE_FAMILY = "1,2";
			};
			name = Release;
		};
/* End XCBuildConfiguration section */

/* Begin XCConfigurationList section */
		D07CF04E28B8AB04003772DE /* Build configuration list for PBXProject "Match Me" */ = {
			isa = XCConfigurationList;
			buildConfigurations = (
				D07CF05F28B8AB08003772DE /* Debug */,
				D07CF06028B8AB08003772DE /* Release */,
			);
			defaultConfigurationIsVisible = 0;
			defaultConfigurationName = Release;
		};
		D07CF06128B8AB08003772DE /* Build configuration list for PBXNativeTarget "Match Me" */ = {
			isa = XCConfigurationList;
			buildConfigurations = (
				D07CF06228B8AB08003772DE /* Debug */,
				D07CF06328B8AB08003772DE /* Release */,
			);
			defaultConfigurationIsVisible = 0;
			defaultConfigurationName = Release;
		};
/* End XCConfigurationList section */
	};
	rootObject = D07CF04B28B8AB04003772DE /* Project object */;
}
